// !$*UTF8*$!
{
	archiveVersion = 1;
	classes = {
	};
	objectVersion = 46;
	objects = {

/* Begin PBXBuildFile section */
		55167F771D05EA9700471252 /* MoviesLibraryController.swift in Sources */ = {isa = PBXBuildFile; fileRef = 55167F761D05EA9700471252 /* MoviesLibraryController.swift */; };
		55514C351CEBA92700896788 /* AppDelegate.swift in Sources */ = {isa = PBXBuildFile; fileRef = 55514C341CEBA92700896788 /* AppDelegate.swift */; };
		55514C371CEBA92700896788 /* ViewController.swift in Sources */ = {isa = PBXBuildFile; fileRef = 55514C361CEBA92700896788 /* ViewController.swift */; };
		55514C3A1CEBA92700896788 /* Main.storyboard in Resources */ = {isa = PBXBuildFile; fileRef = 55514C381CEBA92700896788 /* Main.storyboard */; };
		55514C3C1CEBA92700896788 /* Assets.xcassets in Resources */ = {isa = PBXBuildFile; fileRef = 55514C3B1CEBA92700896788 /* Assets.xcassets */; };
		55514C3F1CEBA92700896788 /* LaunchScreen.storyboard in Resources */ = {isa = PBXBuildFile; fileRef = 55514C3D1CEBA92700896788 /* LaunchScreen.storyboard */; };
		55514C4A1CEBA92700896788 /* ClientServerSwiftPython3Tests.swift in Sources */ = {isa = PBXBuildFile; fileRef = 55514C491CEBA92700896788 /* ClientServerSwiftPython3Tests.swift */; };
		55514C551CEBA92700896788 /* ClientServerSwiftPython3UITests.swift in Sources */ = {isa = PBXBuildFile; fileRef = 55514C541CEBA92700896788 /* ClientServerSwiftPython3UITests.swift */; };
		55C88EC31D03100D00E52C45 /* images in Resources */ = {isa = PBXBuildFile; fileRef = 55C88EC21D03100D00E52C45 /* images */; };
		55C88EC51D031F9500E52C45 /* OptionsController.swift in Sources */ = {isa = PBXBuildFile; fileRef = 55C88EC41D031F9500E52C45 /* OptionsController.swift */; };
		55C88EC71D03203100E52C45 /* MainController.swift in Sources */ = {isa = PBXBuildFile; fileRef = 55C88EC61D03203100E52C45 /* MainController.swift */; };
/* End PBXBuildFile section */

/* Begin PBXContainerItemProxy section */
		55514C461CEBA92700896788 /* PBXContainerItemProxy */ = {
			isa = PBXContainerItemProxy;
			containerPortal = 55514C291CEBA92700896788 /* Project object */;
			proxyType = 1;
			remoteGlobalIDString = 55514C301CEBA92700896788;
			remoteInfo = ClientServerSwiftPython3;
		};
		55514C511CEBA92700896788 /* PBXContainerItemProxy */ = {
			isa = PBXContainerItemProxy;
			containerPortal = 55514C291CEBA92700896788 /* Project object */;
			proxyType = 1;
			remoteGlobalIDString = 55514C301CEBA92700896788;
			remoteInfo = ClientServerSwiftPython3;
		};
/* End PBXContainerItemProxy section */

/* Begin PBXFileReference section */
		55167F761D05EA9700471252 /* MoviesLibraryController.swift */ = {isa = PBXFileReference; fileEncoding = 4; lastKnownFileType = sourcecode.swift; path = MoviesLibraryController.swift; sourceTree = "<group>"; };
		55514C311CEBA92700896788 /* ClientServerSwiftPython3.app */ = {isa = PBXFileReference; explicitFileType = wrapper.application; includeInIndex = 0; path = ClientServerSwiftPython3.app; sourceTree = BUILT_PRODUCTS_DIR; };
		55514C341CEBA92700896788 /* AppDelegate.swift */ = {isa = PBXFileReference; lastKnownFileType = sourcecode.swift; path = AppDelegate.swift; sourceTree = "<group>"; };
		55514C361CEBA92700896788 /* ViewController.swift */ = {isa = PBXFileReference; lastKnownFileType = sourcecode.swift; path = ViewController.swift; sourceTree = "<group>"; };
		55514C391CEBA92700896788 /* Base */ = {isa = PBXFileReference; lastKnownFileType = file.storyboard; name = Base; path = Base.lproj/Main.storyboard; sourceTree = "<group>"; };
		55514C3B1CEBA92700896788 /* Assets.xcassets */ = {isa = PBXFileReference; lastKnownFileType = folder.assetcatalog; path = Assets.xcassets; sourceTree = "<group>"; };
		55514C3E1CEBA92700896788 /* Base */ = {isa = PBXFileReference; lastKnownFileType = file.storyboard; name = Base; path = Base.lproj/LaunchScreen.storyboard; sourceTree = "<group>"; };
		55514C401CEBA92700896788 /* Info.plist */ = {isa = PBXFileReference; lastKnownFileType = text.plist.xml; path = Info.plist; sourceTree = "<group>"; };
		55514C451CEBA92700896788 /* ClientServerSwiftPython3Tests.xctest */ = {isa = PBXFileReference; explicitFileType = wrapper.cfbundle; includeInIndex = 0; path = ClientServerSwiftPython3Tests.xctest; sourceTree = BUILT_PRODUCTS_DIR; };
		55514C491CEBA92700896788 /* ClientServerSwiftPython3Tests.swift */ = {isa = PBXFileReference; lastKnownFileType = sourcecode.swift; path = ClientServerSwiftPython3Tests.swift; sourceTree = "<group>"; };
		55514C4B1CEBA92700896788 /* Info.plist */ = {isa = PBXFileReference; lastKnownFileType = text.plist.xml; path = Info.plist; sourceTree = "<group>"; };
		55514C501CEBA92700896788 /* ClientServerSwiftPython3UITests.xctest */ = {isa = PBXFileReference; explicitFileType = wrapper.cfbundle; includeInIndex = 0; path = ClientServerSwiftPython3UITests.xctest; sourceTree = BUILT_PRODUCTS_DIR; };
		55514C541CEBA92700896788 /* ClientServerSwiftPython3UITests.swift */ = {isa = PBXFileReference; lastKnownFileType = sourcecode.swift; path = ClientServerSwiftPython3UITests.swift; sourceTree = "<group>"; };
		55514C561CEBA92700896788 /* Info.plist */ = {isa = PBXFileReference; lastKnownFileType = text.plist.xml; path = Info.plist; sourceTree = "<group>"; };
		55C88EC21D03100D00E52C45 /* images */ = {isa = PBXFileReference; lastKnownFileType = folder; path = images; sourceTree = SOURCE_ROOT; };
		55C88EC41D031F9500E52C45 /* OptionsController.swift */ = {isa = PBXFileReference; fileEncoding = 4; lastKnownFileType = sourcecode.swift; path = OptionsController.swift; sourceTree = "<group>"; };
		55C88EC61D03203100E52C45 /* MainController.swift */ = {isa = PBXFileReference; fileEncoding = 4; lastKnownFileType = sourcecode.swift; path = MainController.swift; sourceTree = "<group>"; };
/* End PBXFileReference section */

/* Begin PBXFrameworksBuildPhase section */
		55514C2E1CEBA92700896788 /* Frameworks */ = {
			isa = PBXFrameworksBuildPhase;
			buildActionMask = 2147483647;
			files = (
			);
			runOnlyForDeploymentPostprocessing = 0;
		};
		55514C421CEBA92700896788 /* Frameworks */ = {
			isa = PBXFrameworksBuildPhase;
			buildActionMask = 2147483647;
			files = (
			);
			runOnlyForDeploymentPostprocessing = 0;
		};
		55514C4D1CEBA92700896788 /* Frameworks */ = {
			isa = PBXFrameworksBuildPhase;
			buildActionMask = 2147483647;
			files = (
			);
			runOnlyForDeploymentPostprocessing = 0;
		};
/* End PBXFrameworksBuildPhase section */

/* Begin PBXGroup section */
		55514C281CEBA92700896788 = {
			isa = PBXGroup;
			children = (
				55514C331CEBA92700896788 /* ClientServerSwiftPython3 */,
				55514C481CEBA92700896788 /* ClientServerSwiftPython3Tests */,
				55514C531CEBA92700896788 /* ClientServerSwiftPython3UITests */,
				55514C321CEBA92700896788 /* Products */,
			);
			sourceTree = "<group>";
		};
		55514C321CEBA92700896788 /* Products */ = {
			isa = PBXGroup;
			children = (
				55514C311CEBA92700896788 /* ClientServerSwiftPython3.app */,
				55514C451CEBA92700896788 /* ClientServerSwiftPython3Tests.xctest */,
				55514C501CEBA92700896788 /* ClientServerSwiftPython3UITests.xctest */,
			);
			name = Products;
			sourceTree = "<group>";
		};
		55514C331CEBA92700896788 /* ClientServerSwiftPython3 */ = {
			isa = PBXGroup;
			children = (
				55514C341CEBA92700896788 /* AppDelegate.swift */,
				55514C361CEBA92700896788 /* ViewController.swift */,
				55C88EC41D031F9500E52C45 /* OptionsController.swift */,
				55C88EC61D03203100E52C45 /* MainController.swift */,
				55167F761D05EA9700471252 /* MoviesLibraryController.swift */,
				55514C381CEBA92700896788 /* Main.storyboard */,
				55514C3B1CEBA92700896788 /* Assets.xcassets */,
				55C88EC21D03100D00E52C45 /* images */,
				55514C3D1CEBA92700896788 /* LaunchScreen.storyboard */,
				55514C401CEBA92700896788 /* Info.plist */,
			);
			path = ClientServerSwiftPython3;
			sourceTree = "<group>";
		};
		55514C481CEBA92700896788 /* ClientServerSwiftPython3Tests */ = {
			isa = PBXGroup;
			children = (
				55514C491CEBA92700896788 /* ClientServerSwiftPython3Tests.swift */,
				55514C4B1CEBA92700896788 /* Info.plist */,
			);
			path = ClientServerSwiftPython3Tests;
			sourceTree = "<group>";
		};
		55514C531CEBA92700896788 /* ClientServerSwiftPython3UITests */ = {
			isa = PBXGroup;
			children = (
				55514C541CEBA92700896788 /* ClientServerSwiftPython3UITests.swift */,
				55514C561CEBA92700896788 /* Info.plist */,
			);
			path = ClientServerSwiftPython3UITests;
			sourceTree = "<group>";
		};
/* End PBXGroup section */

/* Begin PBXNativeTarget section */
		55514C301CEBA92700896788 /* ClientServerSwiftPython3 */ = {
			isa = PBXNativeTarget;
			buildConfigurationList = 55514C591CEBA92700896788 /* Build configuration list for PBXNativeTarget "ClientServerSwiftPython3" */;
			buildPhases = (
				55514C2D1CEBA92700896788 /* Sources */,
				55514C2E1CEBA92700896788 /* Frameworks */,
				55514C2F1CEBA92700896788 /* Resources */,
			);
			buildRules = (
			);
			dependencies = (
			);
			name = ClientServerSwiftPython3;
			productName = ClientServerSwiftPython3;
			productReference = 55514C311CEBA92700896788 /* ClientServerSwiftPython3.app */;
			productType = "com.apple.product-type.application";
		};
		55514C441CEBA92700896788 /* ClientServerSwiftPython3Tests */ = {
			isa = PBXNativeTarget;
			buildConfigurationList = 55514C5C1CEBA92700896788 /* Build configuration list for PBXNativeTarget "ClientServerSwiftPython3Tests" */;
			buildPhases = (
				55514C411CEBA92700896788 /* Sources */,
				55514C421CEBA92700896788 /* Frameworks */,
				55514C431CEBA92700896788 /* Resources */,
			);
			buildRules = (
			);
			dependencies = (
				55514C471CEBA92700896788 /* PBXTargetDependency */,
			);
			name = ClientServerSwiftPython3Tests;
			productName = ClientServerSwiftPython3Tests;
			productReference = 55514C451CEBA92700896788 /* ClientServerSwiftPython3Tests.xctest */;
			productType = "com.apple.product-type.bundle.unit-test";
		};
		55514C4F1CEBA92700896788 /* ClientServerSwiftPython3UITests */ = {
			isa = PBXNativeTarget;
			buildConfigurationList = 55514C5F1CEBA92700896788 /* Build configuration list for PBXNativeTarget "ClientServerSwiftPython3UITests" */;
			buildPhases = (
				55514C4C1CEBA92700896788 /* Sources */,
				55514C4D1CEBA92700896788 /* Frameworks */,
				55514C4E1CEBA92700896788 /* Resources */,
			);
			buildRules = (
			);
			dependencies = (
				55514C521CEBA92700896788 /* PBXTargetDependency */,
			);
			name = ClientServerSwiftPython3UITests;
			productName = ClientServerSwiftPython3UITests;
			productReference = 55514C501CEBA92700896788 /* ClientServerSwiftPython3UITests.xctest */;
			productType = "com.apple.product-type.bundle.ui-testing";
		};
/* End PBXNativeTarget section */

/* Begin PBXProject section */
		55514C291CEBA92700896788 /* Project object */ = {
			isa = PBXProject;
			attributes = {
				LastSwiftUpdateCheck = 0730;
				LastUpgradeCheck = 0730;
				ORGANIZATIONNAME = "Tener ArteneR";
				TargetAttributes = {
					55514C301CEBA92700896788 = {
						CreatedOnToolsVersion = 7.3.1;
						DevelopmentTeam = QR865432MA;
					};
					55514C441CEBA92700896788 = {
						CreatedOnToolsVersion = 7.3.1;
						TestTargetID = 55514C301CEBA92700896788;
					};
					55514C4F1CEBA92700896788 = {
						CreatedOnToolsVersion = 7.3.1;
						TestTargetID = 55514C301CEBA92700896788;
					};
				};
			};
			buildConfigurationList = 55514C2C1CEBA92700896788 /* Build configuration list for PBXProject "ClientServerSwiftPython3" */;
			compatibilityVersion = "Xcode 3.2";
			developmentRegion = English;
			hasScannedForEncodings = 0;
			knownRegions = (
				en,
				Base,
			);
			mainGroup = 55514C281CEBA92700896788;
			productRefGroup = 55514C321CEBA92700896788 /* Products */;
			projectDirPath = "";
			projectRoot = "";
			targets = (
				55514C301CEBA92700896788 /* ClientServerSwiftPython3 */,
				55514C441CEBA92700896788 /* ClientServerSwiftPython3Tests */,
				55514C4F1CEBA92700896788 /* ClientServerSwiftPython3UITests */,
			);
		};
/* End PBXProject section */

/* Begin PBXResourcesBuildPhase section */
		55514C2F1CEBA92700896788 /* Resources */ = {
			isa = PBXResourcesBuildPhase;
			buildActionMask = 2147483647;
			files = (
				55C88EC31D03100D00E52C45 /* images in Resources */,
				55514C3F1CEBA92700896788 /* LaunchScreen.storyboard in Resources */,
				55514C3C1CEBA92700896788 /* Assets.xcassets in Resources */,
				55514C3A1CEBA92700896788 /* Main.storyboard in Resources */,
			);
			runOnlyForDeploymentPostprocessing = 0;
		};
		55514C431CEBA92700896788 /* Resources */ = {
			isa = PBXResourcesBuildPhase;
			buildActionMask = 2147483647;
			files = (
			);
			runOnlyForDeploymentPostprocessing = 0;
		};
		55514C4E1CEBA92700896788 /* Resources */ = {
			isa = PBXResourcesBuildPhase;
			buildActionMask = 2147483647;
			files = (
			);
			runOnlyForDeploymentPostprocessing = 0;
		};
/* End PBXResourcesBuildPhase section */

/* Begin PBXSourcesBuildPhase section */
		55514C2D1CEBA92700896788 /* Sources */ = {
			isa = PBXSourcesBuildPhase;
			buildActionMask = 2147483647;
			files = (
				55C88EC71D03203100E52C45 /* MainController.swift in Sources */,
				55514C371CEBA92700896788 /* ViewController.swift in Sources */,
				55C88EC51D031F9500E52C45 /* OptionsController.swift in Sources */,
				55514C351CEBA92700896788 /* AppDelegate.swift in Sources */,
				55167F771D05EA9700471252 /* MoviesLibraryController.swift in Sources */,
			);
			runOnlyForDeploymentPostprocessing = 0;
		};
		55514C411CEBA92700896788 /* Sources */ = {
			isa = PBXSourcesBuildPhase;
			buildActionMask = 2147483647;
			files = (
				55514C4A1CEBA92700896788 /* ClientServerSwiftPython3Tests.swift in Sources */,
			);
			runOnlyForDeploymentPostprocessing = 0;
		};
		55514C4C1CEBA92700896788 /* Sources */ = {
			isa = PBXSourcesBuildPhase;
			buildActionMask = 2147483647;
			files = (
				55514C551CEBA92700896788 /* ClientServerSwiftPython3UITests.swift in Sources */,
			);
			runOnlyForDeploymentPostprocessing = 0;
		};
/* End PBXSourcesBuildPhase section */

/* Begin PBXTargetDependency section */
		55514C471CEBA92700896788 /* PBXTargetDependency */ = {
			isa = PBXTargetDependency;
			target = 55514C301CEBA92700896788 /* ClientServerSwiftPython3 */;
			targetProxy = 55514C461CEBA92700896788 /* PBXContainerItemProxy */;
		};
		55514C521CEBA92700896788 /* PBXTargetDependency */ = {
			isa = PBXTargetDependency;
			target = 55514C301CEBA92700896788 /* ClientServerSwiftPython3 */;
			targetProxy = 55514C511CEBA92700896788 /* PBXContainerItemProxy */;
		};
/* End PBXTargetDependency section */

/* Begin PBXVariantGroup section */
		55514C381CEBA92700896788 /* Main.storyboard */ = {
			isa = PBXVariantGroup;
			children = (
				55514C391CEBA92700896788 /* Base */,
			);
			name = Main.storyboard;
			sourceTree = "<group>";
		};
		55514C3D1CEBA92700896788 /* LaunchScreen.storyboard */ = {
			isa = PBXVariantGroup;
			children = (
				55514C3E1CEBA92700896788 /* Base */,
			);
			name = LaunchScreen.storyboard;
			sourceTree = "<group>";
		};
/* End PBXVariantGroup section */

/* Begin XCBuildConfiguration section */
		55514C571CEBA92700896788 /* Debug */ = {
			isa = XCBuildConfiguration;
			buildSettings = {
				ALWAYS_SEARCH_USER_PATHS = NO;
				CLANG_ANALYZER_NONNULL = YES;
				CLANG_CXX_LANGUAGE_STANDARD = "gnu++0x";
				CLANG_CXX_LIBRARY = "libc++";
				CLANG_ENABLE_MODULES = YES;
				CLANG_ENABLE_OBJC_ARC = YES;
				CLANG_WARN_BOOL_CONVERSION = YES;
				CLANG_WARN_CONSTANT_CONVERSION = YES;
				CLANG_WARN_DIRECT_OBJC_ISA_USAGE = YES_ERROR;
				CLANG_WARN_EMPTY_BODY = YES;
				CLANG_WARN_ENUM_CONVERSION = YES;
				CLANG_WARN_INT_CONVERSION = YES;
				CLANG_WARN_OBJC_ROOT_CLASS = YES_ERROR;
				CLANG_WARN_UNREACHABLE_CODE = YES;
				CLANG_WARN__DUPLICATE_METHOD_MATCH = YES;
				"CODE_SIGN_IDENTITY[sdk=iphoneos*]" = "iPhone Developer";
				COPY_PHASE_STRIP = NO;
				DEBUG_INFORMATION_FORMAT = dwarf;
				ENABLE_STRICT_OBJC_MSGSEND = YES;
				ENABLE_TESTABILITY = YES;
				GCC_C_LANGUAGE_STANDARD = gnu99;
				GCC_DYNAMIC_NO_PIC = NO;
				GCC_NO_COMMON_BLOCKS = YES;
				GCC_OPTIMIZATION_LEVEL = 0;
				GCC_PREPROCESSOR_DEFINITIONS = (
					"DEBUG=1",
					"$(inherited)",
				);
				GCC_WARN_64_TO_32_BIT_CONVERSION = YES;
				GCC_WARN_ABOUT_RETURN_TYPE = YES_ERROR;
				GCC_WARN_UNDECLARED_SELECTOR = YES;
				GCC_WARN_UNINITIALIZED_AUTOS = YES_AGGRESSIVE;
				GCC_WARN_UNUSED_FUNCTION = YES;
				GCC_WARN_UNUSED_VARIABLE = YES;
				IPHONEOS_DEPLOYMENT_TARGET = 9.3;
				MTL_ENABLE_DEBUG_INFO = YES;
				ONLY_ACTIVE_ARCH = YES;
				SDKROOT = iphoneos;
				SWIFT_OPTIMIZATION_LEVEL = "-Onone";
				TARGETED_DEVICE_FAMILY = "1,2";
			};
			name = Debug;
		};
		55514C581CEBA92700896788 /* Release */ = {
			isa = XCBuildConfiguration;
			buildSettings = {
				ALWAYS_SEARCH_USER_PATHS = NO;
				CLANG_ANALYZER_NONNULL = YES;
				CLANG_CXX_LANGUAGE_STANDARD = "gnu++0x";
				CLANG_CXX_LIBRARY = "libc++";
				CLANG_ENABLE_MODULES = YES;
				CLANG_ENABLE_OBJC_ARC = YES;
				CLANG_WARN_BOOL_CONVERSION = YES;
				CLANG_WARN_CONSTANT_CONVERSION = YES;
				CLANG_WARN_DIRECT_OBJC_ISA_USAGE = YES_ERROR;
				CLANG_WARN_EMPTY_BODY = YES;
				CLANG_WARN_ENUM_CONVERSION = YES;
				CLANG_WARN_INT_CONVERSION = YES;
				CLANG_WARN_OBJC_ROOT_CLASS = YES_ERROR;
				CLANG_WARN_UNREACHABLE_CODE = YES;
				CLANG_WARN__DUPLICATE_METHOD_MATCH = YES;
				"CODE_SIGN_IDENTITY[sdk=iphoneos*]" = "iPhone Developer";
				COPY_PHASE_STRIP = NO;
				DEBUG_INFORMATION_FORMAT = "dwarf-with-dsym";
				ENABLE_NS_ASSERTIONS = NO;
				ENABLE_STRICT_OBJC_MSGSEND = YES;
				GCC_C_LANGUAGE_STANDARD = gnu99;
				GCC_NO_COMMON_BLOCKS = YES;
				GCC_WARN_64_TO_32_BIT_CONVERSION = YES;
				GCC_WARN_ABOUT_RETURN_TYPE = YES_ERROR;
				GCC_WARN_UNDECLARED_SELECTOR = YES;
				GCC_WARN_UNINITIALIZED_AUTOS = YES_AGGRESSIVE;
				GCC_WARN_UNUSED_FUNCTION = YES;
				GCC_WARN_UNUSED_VARIABLE = YES;
				IPHONEOS_DEPLOYMENT_TARGET = 9.3;
				MTL_ENABLE_DEBUG_INFO = NO;
				SDKROOT = iphoneos;
				TARGETED_DEVICE_FAMILY = "1,2";
				VALIDATE_PRODUCT = YES;
			};
			name = Release;
		};
		55514C5A1CEBA92700896788 /* Debug */ = {
			isa = XCBuildConfiguration;
			buildSettings = {
				ASSETCATALOG_COMPILER_APPICON_NAME = AppIcon;
				CODE_SIGN_IDENTITY = "iPhone Developer";
				"CODE_SIGN_IDENTITY[sdk=iphoneos*]" = "iPhone Developer";
				INFOPLIST_FILE = ClientServerSwiftPython3/Info.plist;
				LD_RUNPATH_SEARCH_PATHS = "$(inherited) @executable_path/Frameworks";
				PRODUCT_BUNDLE_IDENTIFIER = com.artener.ClientServerSwiftPython3;
				PRODUCT_NAME = "$(TARGET_NAME)";
				PROVISIONING_PROFILE = "";
			};
			name = Debug;
		};
		55514C5B1CEBA92700896788 /* Release */ = {
			isa = XCBuildConfiguration;
			buildSettings = {
				ASSETCATALOG_COMPILER_APPICON_NAME = AppIcon;
				CODE_SIGN_IDENTITY = "iPhone Developer";
				"CODE_SIGN_IDENTITY[sdk=iphoneos*]" = "iPhone Developer";
				INFOPLIST_FILE = ClientServerSwiftPython3/Info.plist;
				LD_RUNPATH_SEARCH_PATHS = "$(inherited) @executable_path/Frameworks";
				PRODUCT_BUNDLE_IDENTIFIER = com.artener.ClientServerSwiftPython3;
				PRODUCT_NAME = "$(TARGET_NAME)";
				PROVISIONING_PROFILE = "";
			};
			name = Release;
		};
		55514C5D1CEBA92700896788 /* Debug */ = {
			isa = XCBuildConfiguration;
			buildSettings = {
				BUNDLE_LOADER = "$(TEST_HOST)";
				INFOPLIST_FILE = ClientServerSwiftPython3Tests/Info.plist;
				LD_RUNPATH_SEARCH_PATHS = "$(inherited) @executable_path/Frameworks @loader_path/Frameworks";
				PRODUCT_BUNDLE_IDENTIFIER = com.artener.ClientServerSwiftPython3Tests;
				PRODUCT_NAME = "$(TARGET_NAME)";
				TEST_HOST = "$(BUILT_PRODUCTS_DIR)/ClientServerSwiftPython3.app/ClientServerSwiftPython3";
			};
			name = Debug;
		};
		55514C5E1CEBA92700896788 /* Release */ = {
			isa = XCBuildConfiguration;
			buildSettings = {
				BUNDLE_LOADER = "$(TEST_HOST)";
				INFOPLIST_FILE = ClientServerSwiftPython3Tests/Info.plist;
				LD_RUNPATH_SEARCH_PATHS = "$(inherited) @executable_path/Frameworks @loader_path/Frameworks";
				PRODUCT_BUNDLE_IDENTIFIER = com.artener.ClientServerSwiftPython3Tests;
				PRODUCT_NAME = "$(TARGET_NAME)";
				TEST_HOST = "$(BUILT_PRODUCTS_DIR)/ClientServerSwiftPython3.app/ClientServerSwiftPython3";
			};
			name = Release;
		};
		55514C601CEBA92700896788 /* Debug */ = {
			isa = XCBuildConfiguration;
			buildSettings = {
				INFOPLIST_FILE = ClientServerSwiftPython3UITests/Info.plist;
				LD_RUNPATH_SEARCH_PATHS = "$(inherited) @executable_path/Frameworks @loader_path/Frameworks";
				PRODUCT_BUNDLE_IDENTIFIER = com.artener.ClientServerSwiftPython3UITests;
				PRODUCT_NAME = "$(TARGET_NAME)";
				TEST_TARGET_NAME = ClientServerSwiftPython3;
			};
			name = Debug;
		};
		55514C611CEBA92700896788 /* Release */ = {
			isa = XCBuildConfiguration;
			buildSettings = {
				INFOPLIST_FILE = ClientServerSwiftPython3UITests/Info.plist;
				LD_RUNPATH_SEARCH_PATHS = "$(inherited) @executable_path/Frameworks @loader_path/Frameworks";
				PRODUCT_BUNDLE_IDENTIFIER = com.artener.ClientServerSwiftPython3UITests;
				PRODUCT_NAME = "$(TARGET_NAME)";
				TEST_TARGET_NAME = ClientServerSwiftPython3;
			};
			name = Release;
		};
/* End XCBuildConfiguration section */

/* Begin XCConfigurationList section */
		55514C2C1CEBA92700896788 /* Build configuration list for PBXProject "ClientServerSwiftPython3" */ = {
			isa = XCConfigurationList;
			buildConfigurations = (
				55514C571CEBA92700896788 /* Debug */,
				55514C581CEBA92700896788 /* Release */,
			);
			defaultConfigurationIsVisible = 0;
			defaultConfigurationName = Release;
		};
		55514C591CEBA92700896788 /* Build configuration list for PBXNativeTarget "ClientServerSwiftPython3" */ = {
			isa = XCConfigurationList;
			buildConfigurations = (
				55514C5A1CEBA92700896788 /* Debug */,
				55514C5B1CEBA92700896788 /* Release */,
			);
			defaultConfigurationIsVisible = 0;
			defaultConfigurationName = Release;
		};
		55514C5C1CEBA92700896788 /* Build configuration list for PBXNativeTarget "ClientServerSwiftPython3Tests" */ = {
			isa = XCConfigurationList;
			buildConfigurations = (
				55514C5D1CEBA92700896788 /* Debug */,
				55514C5E1CEBA92700896788 /* Release */,
			);
			defaultConfigurationIsVisible = 0;
			defaultConfigurationName = Release;
		};
		55514C5F1CEBA92700896788 /* Build configuration list for PBXNativeTarget "ClientServerSwiftPython3UITests" */ = {
			isa = XCConfigurationList;
			buildConfigurations = (
				55514C601CEBA92700896788 /* Debug */,
				55514C611CEBA92700896788 /* Release */,
			);
			defaultConfigurationIsVisible = 0;
			defaultConfigurationName = Release;
		};
/* End XCConfigurationList section */
	};
	rootObject = 55514C291CEBA92700896788 /* Project object */;
}
